
Microsoft Visual Studio Solution File, Format Version 12.00
# Visual Studio Version 17
VisualStudioVersion = 17.5.33530.505
MinimumVisualStudioVersion = 10.0.40219.1
Project("{9A19103F-16F7-4668-BE54-9A1E7A4F7556}") = "WOA Device Manager", "WOA Device Manager\WOA Device Manager.csproj", "{649AAC60-6098-4AAC-9159-D4456A4D05D9}"
EndProject
Project("{9A19103F-16F7-4668-BE54-9A1E7A4F7556}") = "FastBoot", "Fastboot\FastBoot.csproj", "{A800D1FF-C61B-4D3F-87D2-59C4CA0321F8}"
EndProject
Project("{9A19103F-16F7-4668-BE54-9A1E7A4F7556}") = "AndroidDebugBridge", "AndroidDebugBridge\AndroidDebugBridge.csproj", "{C80B9C16-2960-4061-908F-C0B6C205AD5E}"
EndProject
Project("{9A19103F-16F7-4668-BE54-9A1E7A4F7556}") = "Playground", "Playground\Playground.csproj", "{26C65B28-88F8-4F90-A1E2-A898C9B2FA7B}"
EndProject
Global
	GlobalSection(SolutionConfigurationPlatforms) = preSolution
		Debug|Any CPU = Debug|Any CPU
		Debug|ARM64 = Debug|ARM64
		Debug|x64 = Debug|x64
		Debug|x86 = Debug|x86
		Release|Any CPU = Release|Any CPU
		Release|ARM64 = Release|ARM64
		Release|x64 = Release|x64
		Release|x86 = Release|x86
	EndGlobalSection
	GlobalSection(ProjectConfigurationPlatforms) = postSolution
		{649AAC60-6098-4AAC-9159-D4456A4D05D9}.Debug|Any CPU.ActiveCfg = Debug|x64
		{649AAC60-6098-4AAC-9159-D4456A4D05D9}.Debug|Any CPU.Build.0 = Debug|x64
		{649AAC60-6098-4AAC-9159-D4456A4D05D9}.Debug|Any CPU.Deploy.0 = Debug|x64
		{649AAC60-6098-4AAC-9159-D4456A4D05D9}.Debug|ARM64.ActiveCfg = Debug|ARM64
		{649AAC60-6098-4AAC-9159-D4456A4D05D9}.Debug|ARM64.Build.0 = Debug|ARM64
		{649AAC60-6098-4AAC-9159-D4456A4D05D9}.Debug|ARM64.Deploy.0 = Debug|ARM64
		{649AAC60-6098-4AAC-9159-D4456A4D05D9}.Debug|x64.ActiveCfg = Debug|x64
		{649AAC60-6098-4AAC-9159-D4456A4D05D9}.Debug|x64.Build.0 = Debug|x64
		{649AAC60-6098-4AAC-9159-D4456A4D05D9}.Debug|x64.Deploy.0 = Debug|x64
		{649AAC60-6098-4AAC-9159-D4456A4D05D9}.Debug|x86.ActiveCfg = Debug|x86
		{649AAC60-6098-4AAC-9159-D4456A4D05D9}.Debug|x86.Build.0 = Debug|x86
		{649AAC60-6098-4AAC-9159-D4456A4D05D9}.Debug|x86.Deploy.0 = Debug|x86
		{649AAC60-6098-4AAC-9159-D4456A4D05D9}.Release|Any CPU.ActiveCfg = Release|x64
		{649AAC60-6098-4AAC-9159-D4456A4D05D9}.Release|Any CPU.Build.0 = Release|x64
		{649AAC60-6098-4AAC-9159-D4456A4D05D9}.Release|Any CPU.Deploy.0 = Release|x64
		{649AAC60-6098-4AAC-9159-D4456A4D05D9}.Release|ARM64.ActiveCfg = Release|ARM64
		{649AAC60-6098-4AAC-9159-D4456A4D05D9}.Release|ARM64.Build.0 = Release|ARM64
		{649AAC60-6098-4AAC-9159-D4456A4D05D9}.Release|ARM64.Deploy.0 = Release|ARM64
		{649AAC60-6098-4AAC-9159-D4456A4D05D9}.Release|x64.ActiveCfg = Release|x64
		{649AAC60-6098-4AAC-9159-D4456A4D05D9}.Release|x64.Build.0 = Release|x64
		{649AAC60-6098-4AAC-9159-D4456A4D05D9}.Release|x64.Deploy.0 = Release|x64
		{649AAC60-6098-4AAC-9159-D4456A4D05D9}.Release|x86.ActiveCfg = Release|x86
		{649AAC60-6098-4AAC-9159-D4456A4D05D9}.Release|x86.Build.0 = Release|x86
		{649AAC60-6098-4AAC-9159-D4456A4D05D9}.Release|x86.Deploy.0 = Release|x86
		{A800D1FF-C61B-4D3F-87D2-59C4CA0321F8}.Debug|Any CPU.ActiveCfg = Debug|Any CPU
		{A800D1FF-C61B-4D3F-87D2-59C4CA0321F8}.Debug|Any CPU.Build.0 = Debug|Any CPU
		{A800D1FF-C61B-4D3F-87D2-59C4CA0321F8}.Debug|ARM64.ActiveCfg = Debug|Any CPU
		{A800D1FF-C61B-4D3F-87D2-59C4CA0321F8}.Debug|ARM64.Build.0 = Debug|Any CPU
		{A800D1FF-C61B-4D3F-87D2-59C4CA0321F8}.Debug|x64.ActiveCfg = Debug|Any CPU
		{A800D1FF-C61B-4D3F-87D2-59C4CA0321F8}.Debug|x64.Build.0 = Debug|Any CPU
		{A800D1FF-C61B-4D3F-87D2-59C4CA0321F8}.Debug|x86.ActiveCfg = Debug|Any CPU
		{A800D1FF-C61B-4D3F-87D2-59C4CA0321F8}.Debug|x86.Build.0 = Debug|Any CPU
		{A800D1FF-C61B-4D3F-87D2-59C4CA0321F8}.Release|Any CPU.ActiveCfg = Release|Any CPU
		{A800D1FF-C61B-4D3F-87D2-59C4CA0321F8}.Release|Any CPU.Build.0 = Release|Any CPU
		{A800D1FF-C61B-4D3F-87D2-59C4CA0321F8}.Release|ARM64.ActiveCfg = Release|Any CPU
		{A800D1FF-C61B-4D3F-87D2-59C4CA0321F8}.Release|ARM64.Build.0 = Release|Any CPU
		{A800D1FF-C61B-4D3F-87D2-59C4CA0321F8}.Release|x64.ActiveCfg = Release|Any CPU
		{A800D1FF-C61B-4D3F-87D2-59C4CA0321F8}.Release|x64.Build.0 = Release|Any CPU
		{A800D1FF-C61B-4D3F-87D2-59C4CA0321F8}.Release|x86.ActiveCfg = Release|Any CPU
		{A800D1FF-C61B-4D3F-87D2-59C4CA0321F8}.Release|x86.Build.0 = Release|Any CPU
		{C80B9C16-2960-4061-908F-C0B6C205AD5E}.Debug|Any CPU.ActiveCfg = Debug|Any CPU
		{C80B9C16-2960-4061-908F-C0B6C205AD5E}.Debug|Any CPU.Build.0 = Debug|Any CPU
		{C80B9C16-2960-4061-908F-C0B6C205AD5E}.Debug|ARM64.ActiveCfg = Debug|Any CPU
		{C80B9C16-2960-4061-908F-C0B6C205AD5E}.Debug|ARM64.Build.0 = Debug|Any CPU
		{C80B9C16-2960-4061-908F-C0B6C205AD5E}.Debug|x64.ActiveCfg = Debug|Any CPU
		{C80B9C16-2960-4061-908F-C0B6C205AD5E}.Debug|x64.Build.0 = Debug|Any CPU
		{C80B9C16-2960-4061-908F-C0B6C205AD5E}.Debug|x86.ActiveCfg = Debug|Any CPU
		{C80B9C16-2960-4061-908F-C0B6C205AD5E}.Debug|x86.Build.0 = Debug|Any CPU
		{C80B9C16-2960-4061-908F-C0B6C205AD5E}.Release|Any CPU.ActiveCfg = Release|Any CPU
		{C80B9C16-2960-4061-908F-C0B6C205AD5E}.Release|Any CPU.Build.0 = Release|Any CPU
		{C80B9C16-2960-4061-908F-C0B6C205AD5E}.Release|ARM64.ActiveCfg = Release|Any CPU
		{C80B9C16-2960-4061-908F-C0B6C205AD5E}.Release|ARM64.Build.0 = Release|Any CPU
		{C80B9C16-2960-4061-908F-C0B6C205AD5E}.Release|x64.ActiveCfg = Release|Any CPU
		{C80B9C16-2960-4061-908F-C0B6C205AD5E}.Release|x64.Build.0 = Release|Any CPU
		{C80B9C16-2960-4061-908F-C0B6C205AD5E}.Release|x86.ActiveCfg = Release|Any CPU
		{C80B9C16-2960-4061-908F-C0B6C205AD5E}.Release|x86.Build.0 = Release|Any CPU
		{26C65B28-88F8-4F90-A1E2-A898C9B2FA7B}.Debug|Any CPU.ActiveCfg = Debug|Any CPU
		{26C65B28-88F8-4F90-A1E2-A898C9B2FA7B}.Debug|Any CPU.Build.0 = Debug|Any CPU
		{26C65B28-88F8-4F90-A1E2-A898C9B2FA7B}.Debug|ARM64.ActiveCfg = Debug|Any CPU
		{26C65B28-88F8-4F90-A1E2-A898C9B2FA7B}.Debug|ARM64.Build.0 = Debug|Any CPU
		{26C65B28-88F8-4F90-A1E2-A898C9B2FA7B}.Debug|x64.ActiveCfg = Debug|Any CPU
		{26C65B28-88F8-4F90-A1E2-A898C9B2FA7B}.Debug|x64.Build.0 = Debug|Any CPU
		{26C65B28-88F8-4F90-A1E2-A898C9B2FA7B}.Debug|x86.ActiveCfg = Debug|Any CPU
		{26C65B28-88F8-4F90-A1E2-A898C9B2FA7B}.Debug|x86.Build.0 = Debug|Any CPU
		{26C65B28-88F8-4F90-A1E2-A898C9B2FA7B}.Release|Any CPU.ActiveCfg = Release|Any CPU
		{26C65B28-88F8-4F90-A1E2-A898C9B2FA7B}.Release|Any CPU.Build.0 = Release|Any CPU
		{26C65B28-88F8-4F90-A1E2-A898C9B2FA7B}.Release|ARM64.ActiveCfg = Release|Any CPU
		{26C65B28-88F8-4F90-A1E2-A898C9B2FA7B}.Release|ARM64.Build.0 = Release|Any CPU
		{26C65B28-88F8-4F90-A1E2-A898C9B2FA7B}.Release|x64.ActiveCfg = Release|Any CPU
		{26C65B28-88F8-4F90-A1E2-A898C9B2FA7B}.Release|x64.Build.0 = Release|Any CPU
		{26C65B28-88F8-4F90-A1E2-A898C9B2FA7B}.Release|x86.ActiveCfg = Release|Any CPU
		{26C65B28-88F8-4F90-A1E2-A898C9B2FA7B}.Release|x86.Build.0 = Release|Any CPU
	EndGlobalSection
	GlobalSection(SolutionProperties) = preSolution
		HideSolutionNode = FALSE
	EndGlobalSection
	GlobalSection(ExtensibilityGlobals) = postSolution
		SolutionGuid = {D90C71A8-2DC7-4A5C-9061-C1961A12A532}
	EndGlobalSection
EndGlobal
